# This file is automatically @generated by Poetry 1.8.3 and should not be changed by hand.

[[package]]
name = "evdev"
version = "1.7.1"
description = "Bindings to the Linux input handling subsystem"
optional = false
python-versions = ">=3.6"
files = [
    {file = "evdev-1.7.1.tar.gz", hash = "sha256:0c72c370bda29d857e188d931019c32651a9c1ea977c08c8d939b1ced1637fde"},
]

[[package]]
name = "mouseinfo"
version = "0.1.3"
description = "An application to display XY position and RGB color information for the pixel currently under the mouse. Works on Python 2 and 3."
optional = false
python-versions = "*"
files = [
    {file = "MouseInfo-0.1.3.tar.gz", hash = "sha256:2c62fb8885062b8e520a3cce0a297c657adcc08c60952eb05bc8256ef6f7f6e7"},
]

[package.dependencies]
pyperclip = "*"
python3-Xlib = {version = "*", markers = "platform_system == \"Linux\" and python_version >= \"3.0\""}
rubicon-objc = {version = "*", markers = "platform_system == \"Darwin\""}

[[package]]
name = "pillow"
version = "11.1.0"
description = "Python Imaging Library (Fork)"
optional = false
python-versions = ">=3.9"
files = [
    {file = "pillow-11.1.0-cp310-cp310-macosx_10_10_x86_64.whl", hash = "sha256:e1abe69aca89514737465752b4bcaf8016de61b3be1397a8fc260ba33321b3a8"},
    {file = "pillow-11.1.0-cp310-cp310-macosx_11_0_arm64.whl", hash = "sha256:c640e5a06869c75994624551f45e5506e4256562ead981cce820d5ab39ae2192"},
    {file = "pillow-11.1.0-cp310-cp310-manylinux_2_17_aarch64.manylinux2014_aarch64.whl", hash = "sha256:a07dba04c5e22824816b2615ad7a7484432d7f540e6fa86af60d2de57b0fcee2"},
    {file = "pillow-11.1.0-cp310-cp310-manylinux_2_17_x86_64.manylinux2014_x86_64.whl", hash = "sha256:e267b0ed063341f3e60acd25c05200df4193e15a4a5807075cd71225a2386e26"},
    {file = "pillow-11.1.0-cp310-cp310-manylinux_2_28_aarch64.whl", hash = "sha256:bd165131fd51697e22421d0e467997ad31621b74bfc0b75956608cb2906dda07"},
    {file = "pillow-11.1.0-cp310-cp310-manylinux_2_28_x86_64.whl", hash = "sha256:abc56501c3fd148d60659aae0af6ddc149660469082859fa7b066a298bde9482"},
    {file = "pillow-11.1.0-cp310-cp310-musllinux_1_2_aarch64.whl", hash = "sha256:54ce1c9a16a9561b6d6d8cb30089ab1e5eb66918cb47d457bd996ef34182922e"},
    {file = "pillow-11.1.0-cp310-cp310-musllinux_1_2_x86_64.whl", hash = "sha256:73ddde795ee9b06257dac5ad42fcb07f3b9b813f8c1f7f870f402f4dc54b5269"},
    {file = "pillow-11.1.0-cp310-cp310-win32.whl", hash = "sha256:3a5fe20a7b66e8135d7fd617b13272626a28278d0e578c98720d9ba4b2439d49"},
    {file = "pillow-11.1.0-cp310-cp310-win_amd64.whl", hash = "sha256:b6123aa4a59d75f06e9dd3dac5bf8bc9aa383121bb3dd9a7a612e05eabc9961a"},
    {file = "pillow-11.1.0-cp310-cp310-win_arm64.whl", hash = "sha256:a76da0a31da6fcae4210aa94fd779c65c75786bc9af06289cd1c184451ef7a65"},
    {file = "pillow-11.1.0-cp311-cp311-macosx_10_10_x86_64.whl", hash = "sha256:e06695e0326d05b06833b40b7ef477e475d0b1ba3a6d27da1bb48c23209bf457"},
    {file = "pillow-11.1.0-cp311-cp311-macosx_11_0_arm64.whl", hash = "sha256:96f82000e12f23e4f29346e42702b6ed9a2f2fea34a740dd5ffffcc8c539eb35"},
    {file = "pillow-11.1.0-cp311-cp311-manylinux_2_17_aarch64.manylinux2014_aarch64.whl", hash = "sha256:a3cd561ded2cf2bbae44d4605837221b987c216cff94f49dfeed63488bb228d2"},
    {file = "pillow-11.1.0-cp311-cp311-manylinux_2_17_x86_64.manylinux2014_x86_64.whl", hash = "sha256:f189805c8be5ca5add39e6f899e6ce2ed824e65fb45f3c28cb2841911da19070"},
    {file = "pillow-11.1.0-cp311-cp311-manylinux_2_28_aarch64.whl", hash = "sha256:dd0052e9db3474df30433f83a71b9b23bd9e4ef1de13d92df21a52c0303b8ab6"},
    {file = "pillow-11.1.0-cp311-cp311-manylinux_2_28_x86_64.whl", hash = "sha256:837060a8599b8f5d402e97197d4924f05a2e0d68756998345c829c33186217b1"},
    {file = "pillow-11.1.0-cp311-cp311-musllinux_1_2_aarch64.whl", hash = "sha256:aa8dd43daa836b9a8128dbe7d923423e5ad86f50a7a14dc688194b7be5c0dea2"},
    {file = "pillow-11.1.0-cp311-cp311-musllinux_1_2_x86_64.whl", hash = "sha256:0a2f91f8a8b367e7a57c6e91cd25af510168091fb89ec5146003e424e1558a96"},
    {file = "pillow-11.1.0-cp311-cp311-win32.whl", hash = "sha256:c12fc111ef090845de2bb15009372175d76ac99969bdf31e2ce9b42e4b8cd88f"},
    {file = "pillow-11.1.0-cp311-cp311-win_amd64.whl", hash = "sha256:fbd43429d0d7ed6533b25fc993861b8fd512c42d04514a0dd6337fb3ccf22761"},
    {file = "pillow-11.1.0-cp311-cp311-win_arm64.whl", hash = "sha256:f7955ecf5609dee9442cbface754f2c6e541d9e6eda87fad7f7a989b0bdb9d71"},
    {file = "pillow-11.1.0-cp312-cp312-macosx_10_13_x86_64.whl", hash = "sha256:2062ffb1d36544d42fcaa277b069c88b01bb7298f4efa06731a7fd6cc290b81a"},
    {file = "pillow-11.1.0-cp312-cp312-macosx_11_0_arm64.whl", hash = "sha256:a85b653980faad27e88b141348707ceeef8a1186f75ecc600c395dcac19f385b"},
    {file = "pillow-11.1.0-cp312-cp312-manylinux_2_17_aarch64.manylinux2014_aarch64.whl", hash = "sha256:9409c080586d1f683df3f184f20e36fb647f2e0bc3988094d4fd8c9f4eb1b3b3"},
    {file = "pillow-11.1.0-cp312-cp312-manylinux_2_17_x86_64.manylinux2014_x86_64.whl", hash = "sha256:7fdadc077553621911f27ce206ffcbec7d3f8d7b50e0da39f10997e8e2bb7f6a"},
    {file = "pillow-11.1.0-cp312-cp312-manylinux_2_28_aarch64.whl", hash = "sha256:93a18841d09bcdd774dcdc308e4537e1f867b3dec059c131fde0327899734aa1"},
    {file = "pillow-11.1.0-cp312-cp312-manylinux_2_28_x86_64.whl", hash = "sha256:9aa9aeddeed452b2f616ff5507459e7bab436916ccb10961c4a382cd3e03f47f"},
    {file = "pillow-11.1.0-cp312-cp312-musllinux_1_2_aarch64.whl", hash = "sha256:3cdcdb0b896e981678eee140d882b70092dac83ac1cdf6b3a60e2216a73f2b91"},
    {file = "pillow-11.1.0-cp312-cp312-musllinux_1_2_x86_64.whl", hash = "sha256:36ba10b9cb413e7c7dfa3e189aba252deee0602c86c309799da5a74009ac7a1c"},
    {file = "pillow-11.1.0-cp312-cp312-win32.whl", hash = "sha256:cfd5cd998c2e36a862d0e27b2df63237e67273f2fc78f47445b14e73a810e7e6"},
    {file = "pillow-11.1.0-cp312-cp312-win_amd64.whl", hash = "sha256:a697cd8ba0383bba3d2d3ada02b34ed268cb548b369943cd349007730c92bddf"},
    {file = "pillow-11.1.0-cp312-cp312-win_arm64.whl", hash = "sha256:4dd43a78897793f60766563969442020e90eb7847463eca901e41ba186a7d4a5"},
    {file = "pillow-11.1.0-cp313-cp313-macosx_10_13_x86_64.whl", hash = "sha256:ae98e14432d458fc3de11a77ccb3ae65ddce70f730e7c76140653048c71bfcbc"},
    {file = "pillow-11.1.0-cp313-cp313-macosx_11_0_arm64.whl", hash = "sha256:cc1331b6d5a6e144aeb5e626f4375f5b7ae9934ba620c0ac6b3e43d5e683a0f0"},
    {file = "pillow-11.1.0-cp313-cp313-manylinux_2_17_aarch64.manylinux2014_aarch64.whl", hash = "sha256:758e9d4ef15d3560214cddbc97b8ef3ef86ce04d62ddac17ad39ba87e89bd3b1"},
    {file = "pillow-11.1.0-cp313-cp313-manylinux_2_17_x86_64.manylinux2014_x86_64.whl", hash = "sha256:b523466b1a31d0dcef7c5be1f20b942919b62fd6e9a9be199d035509cbefc0ec"},
    {file = "pillow-11.1.0-cp313-cp313-manylinux_2_28_aarch64.whl", hash = "sha256:9044b5e4f7083f209c4e35aa5dd54b1dd5b112b108648f5c902ad586d4f945c5"},
    {file = "pillow-11.1.0-cp313-cp313-manylinux_2_28_x86_64.whl", hash = "sha256:3764d53e09cdedd91bee65c2527815d315c6b90d7b8b79759cc48d7bf5d4f114"},
    {file = "pillow-11.1.0-cp313-cp313-musllinux_1_2_aarch64.whl", hash = "sha256:31eba6bbdd27dde97b0174ddf0297d7a9c3a507a8a1480e1e60ef914fe23d352"},
    {file = "pillow-11.1.0-cp313-cp313-musllinux_1_2_x86_64.whl", hash = "sha256:b5d658fbd9f0d6eea113aea286b21d3cd4d3fd978157cbf2447a6035916506d3"},
    {file = "pillow-11.1.0-cp313-cp313-win32.whl", hash = "sha256:f86d3a7a9af5d826744fabf4afd15b9dfef44fe69a98541f666f66fbb8d3fef9"},
    {file = "pillow-11.1.0-cp313-cp313-win_amd64.whl", hash = "sha256:593c5fd6be85da83656b93ffcccc2312d2d149d251e98588b14fbc288fd8909c"},
    {file = "pillow-11.1.0-cp313-cp313-win_arm64.whl", hash = "sha256:11633d58b6ee5733bde153a8dafd25e505ea3d32e261accd388827ee987baf65"},
    {file = "pillow-11.1.0-cp313-cp313t-macosx_10_13_x86_64.whl", hash = "sha256:70ca5ef3b3b1c4a0812b5c63c57c23b63e53bc38e758b37a951e5bc466449861"},
    {file = "pillow-11.1.0-cp313-cp313t-macosx_11_0_arm64.whl", hash = "sha256:8000376f139d4d38d6851eb149b321a52bb8893a88dae8ee7d95840431977081"},
    {file = "pillow-11.1.0-cp313-cp313t-manylinux_2_17_x86_64.manylinux2014_x86_64.whl", hash = "sha256:9ee85f0696a17dd28fbcfceb59f9510aa71934b483d1f5601d1030c3c8304f3c"},
    {file = "pillow-11.1.0-cp313-cp313t-manylinux_2_28_x86_64.whl", hash = "sha256:dd0e081319328928531df7a0e63621caf67652c8464303fd102141b785ef9547"},
    {file = "pillow-11.1.0-cp313-cp313t-musllinux_1_2_x86_64.whl", hash = "sha256:e63e4e5081de46517099dc30abe418122f54531a6ae2ebc8680bcd7096860eab"},
    {file = "pillow-11.1.0-cp313-cp313t-win32.whl", hash = "sha256:dda60aa465b861324e65a78c9f5cf0f4bc713e4309f83bc387be158b077963d9"},
    {file = "pillow-11.1.0-cp313-cp313t-win_amd64.whl", hash = "sha256:ad5db5781c774ab9a9b2c4302bbf0c1014960a0a7be63278d13ae6fdf88126fe"},
    {file = "pillow-11.1.0-cp313-cp313t-win_arm64.whl", hash = "sha256:67cd427c68926108778a9005f2a04adbd5e67c442ed21d95389fe1d595458756"},
    {file = "pillow-11.1.0-cp39-cp39-macosx_10_10_x86_64.whl", hash = "sha256:bf902d7413c82a1bfa08b06a070876132a5ae6b2388e2712aab3a7cbc02205c6"},
    {file = "pillow-11.1.0-cp39-cp39-macosx_11_0_arm64.whl", hash = "sha256:c1eec9d950b6fe688edee07138993e54ee4ae634c51443cfb7c1e7613322718e"},
    {file = "pillow-11.1.0-cp39-cp39-manylinux_2_17_aarch64.manylinux2014_aarch64.whl", hash = "sha256:8e275ee4cb11c262bd108ab2081f750db2a1c0b8c12c1897f27b160c8bd57bbc"},
    {file = "pillow-11.1.0-cp39-cp39-manylinux_2_17_x86_64.manylinux2014_x86_64.whl", hash = "sha256:4db853948ce4e718f2fc775b75c37ba2efb6aaea41a1a5fc57f0af59eee774b2"},
    {file = "pillow-11.1.0-cp39-cp39-manylinux_2_28_aarch64.whl", hash = "sha256:ab8a209b8485d3db694fa97a896d96dd6533d63c22829043fd9de627060beade"},
    {file = "pillow-11.1.0-cp39-cp39-manylinux_2_28_x86_64.whl", hash = "sha256:54251ef02a2309b5eec99d151ebf5c9904b77976c8abdcbce7891ed22df53884"},
    {file = "pillow-11.1.0-cp39-cp39-musllinux_1_2_aarch64.whl", hash = "sha256:5bb94705aea800051a743aa4874bb1397d4695fb0583ba5e425ee0328757f196"},
    {file = "pillow-11.1.0-cp39-cp39-musllinux_1_2_x86_64.whl", hash = "sha256:89dbdb3e6e9594d512780a5a1c42801879628b38e3efc7038094430844e271d8"},
    {file = "pillow-11.1.0-cp39-cp39-win32.whl", hash = "sha256:e5449ca63da169a2e6068dd0e2fcc8d91f9558aba89ff6d02121ca8ab11e79e5"},
    {file = "pillow-11.1.0-cp39-cp39-win_amd64.whl", hash = "sha256:3362c6ca227e65c54bf71a5f88b3d4565ff1bcbc63ae72c34b07bbb1cc59a43f"},
    {file = "pillow-11.1.0-cp39-cp39-win_arm64.whl", hash = "sha256:b20be51b37a75cc54c2c55def3fa2c65bb94ba859dde241cd0a4fd302de5ae0a"},
    {file = "pillow-11.1.0-pp310-pypy310_pp73-macosx_10_15_x86_64.whl", hash = "sha256:8c730dc3a83e5ac137fbc92dfcfe1511ce3b2b5d7578315b63dbbb76f7f51d90"},
    {file = "pillow-11.1.0-pp310-pypy310_pp73-macosx_11_0_arm64.whl", hash = "sha256:7d33d2fae0e8b170b6a6c57400e077412240f6f5bb2a342cf1ee512a787942bb"},
    {file = "pillow-11.1.0-pp310-pypy310_pp73-manylinux_2_17_aarch64.manylinux2014_aarch64.whl", hash = "sha256:a8d65b38173085f24bc07f8b6c505cbb7418009fa1a1fcb111b1f4961814a442"},
    {file = "pillow-11.1.0-pp310-pypy310_pp73-manylinux_2_17_x86_64.manylinux2014_x86_64.whl", hash = "sha256:015c6e863faa4779251436db398ae75051469f7c903b043a48f078e437656f83"},
    {file = "pillow-11.1.0-pp310-pypy310_pp73-manylinux_2_28_aarch64.whl", hash = "sha256:d44ff19eea13ae4acdaaab0179fa68c0c6f2f45d66a4d8ec1eda7d6cecbcc15f"},
    {file = "pillow-11.1.0-pp310-pypy310_pp73-manylinux_2_28_x86_64.whl", hash = "sha256:d3d8da4a631471dfaf94c10c85f5277b1f8e42ac42bade1ac67da4b4a7359b73"},
    {file = "pillow-11.1.0-pp310-pypy310_pp73-win_amd64.whl", hash = "sha256:4637b88343166249fe8aa94e7c4a62a180c4b3898283bb5d3d2fd5fe10d8e4e0"},
    {file = "pillow-11.1.0.tar.gz", hash = "sha256:368da70808b36d73b4b390a8ffac11069f8a5c85f29eff1f1b01bcf3ef5b2a20"},
]

[package.extras]
docs = ["furo", "olefile", "sphinx (>=8.1)", "sphinx-copybutton", "sphinx-inline-tabs", "sphinxext-opengraph"]
fpx = ["olefile"]
mic = ["olefile"]
tests = ["check-manifest", "coverage (>=7.4.2)", "defusedxml", "markdown2", "olefile", "packaging", "pyroma", "pytest", "pytest-cov", "pytest-timeout", "trove-classifiers (>=2024.10.12)"]
typing = ["typing-extensions"]
xmp = ["defusedxml"]

[[package]]
name = "psutil"
version = "6.1.1"
description = "Cross-platform lib for process and system monitoring in Python."
optional = false
python-versions = "!=3.0.*,!=3.1.*,!=3.2.*,!=3.3.*,!=3.4.*,!=3.5.*,>=2.7"
files = [
    {file = "psutil-6.1.1-cp27-cp27m-macosx_10_9_x86_64.whl", hash = "sha256:9ccc4316f24409159897799b83004cb1e24f9819b0dcf9c0b68bdcb6cefee6a8"},
    {file = "psutil-6.1.1-cp27-cp27m-manylinux2010_i686.whl", hash = "sha256:ca9609c77ea3b8481ab005da74ed894035936223422dc591d6772b147421f777"},
    {file = "psutil-6.1.1-cp27-cp27m-manylinux2010_x86_64.whl", hash = "sha256:8df0178ba8a9e5bc84fed9cfa61d54601b371fbec5c8eebad27575f1e105c0d4"},
    {file = "psutil-6.1.1-cp27-cp27mu-manylinux2010_i686.whl", hash = "sha256:1924e659d6c19c647e763e78670a05dbb7feaf44a0e9c94bf9e14dfc6ba50468"},
    {file = "psutil-6.1.1-cp27-cp27mu-manylinux2010_x86_64.whl", hash = "sha256:018aeae2af92d943fdf1da6b58665124897cfc94faa2ca92098838f83e1b1bca"},
    {file = "psutil-6.1.1-cp27-none-win32.whl", hash = "sha256:6d4281f5bbca041e2292be3380ec56a9413b790579b8e593b1784499d0005dac"},
    {file = "psutil-6.1.1-cp27-none-win_amd64.whl", hash = "sha256:c777eb75bb33c47377c9af68f30e9f11bc78e0f07fbf907be4a5d70b2fe5f030"},
    {file = "psutil-6.1.1-cp36-abi3-macosx_10_9_x86_64.whl", hash = "sha256:fc0ed7fe2231a444fc219b9c42d0376e0a9a1a72f16c5cfa0f68d19f1a0663e8"},
    {file = "psutil-6.1.1-cp36-abi3-macosx_11_0_arm64.whl", hash = "sha256:0bdd4eab935276290ad3cb718e9809412895ca6b5b334f5a9111ee6d9aff9377"},
    {file = "psutil-6.1.1-cp36-abi3-manylinux_2_12_i686.manylinux2010_i686.manylinux_2_17_i686.manylinux2014_i686.whl", hash = "sha256:b6e06c20c05fe95a3d7302d74e7097756d4ba1247975ad6905441ae1b5b66003"},
    {file = "psutil-6.1.1-cp36-abi3-manylinux_2_12_x86_64.manylinux2010_x86_64.manylinux_2_17_x86_64.manylinux2014_x86_64.whl", hash = "sha256:97f7cb9921fbec4904f522d972f0c0e1f4fabbdd4e0287813b21215074a0f160"},
    {file = "psutil-6.1.1-cp36-abi3-manylinux_2_17_aarch64.manylinux2014_aarch64.whl", hash = "sha256:33431e84fee02bc84ea36d9e2c4a6d395d479c9dd9bba2376c1f6ee8f3a4e0b3"},
    {file = "psutil-6.1.1-cp36-cp36m-win32.whl", hash = "sha256:384636b1a64b47814437d1173be1427a7c83681b17a450bfc309a1953e329603"},
    {file = "psutil-6.1.1-cp36-cp36m-win_amd64.whl", hash = "sha256:8be07491f6ebe1a693f17d4f11e69d0dc1811fa082736500f649f79df7735303"},
    {file = "psutil-6.1.1-cp37-abi3-win32.whl", hash = "sha256:eaa912e0b11848c4d9279a93d7e2783df352b082f40111e078388701fd479e53"},
    {file = "psutil-6.1.1-cp37-abi3-win_amd64.whl", hash = "sha256:f35cfccb065fff93529d2afb4a2e89e363fe63ca1e4a5da22b603a85833c2649"},
    {file = "psutil-6.1.1.tar.gz", hash = "sha256:cf8496728c18f2d0b45198f06895be52f36611711746b7f30c464b422b50e2f5"},
]

[package.extras]
dev = ["abi3audit", "black", "check-manifest", "coverage", "packaging", "pylint", "pyperf", "pypinfo", "pytest-cov", "requests", "rstcheck", "ruff", "sphinx", "sphinx_rtd_theme", "toml-sort", "twine", "virtualenv", "vulture", "wheel"]
test = ["pytest", "pytest-xdist", "setuptools"]

[[package]]
name = "pyautogui"
version = "0.9.54"
description = "PyAutoGUI lets Python control the mouse and keyboard, and other GUI automation tasks. For Windows, macOS, and Linux, on Python 3 and 2."
optional = false
python-versions = "*"
files = [
    {file = "PyAutoGUI-0.9.54.tar.gz", hash = "sha256:dd1d29e8fd118941cb193f74df57e5c6ff8e9253b99c7b04f39cfc69f3ae04b2"},
]

[package.dependencies]
mouseinfo = "*"
pygetwindow = ">=0.0.5"
pymsgbox = "*"
pyobjc-core = {version = "*", markers = "platform_system == \"Darwin\""}
pyobjc-framework-quartz = {version = "*", markers = "platform_system == \"Darwin\""}
pyscreeze = ">=0.1.21"
python3-Xlib = {version = "*", markers = "platform_system == \"Linux\" and python_version >= \"3.0\""}
pytweening = ">=1.0.4"

[[package]]
name = "pygetwindow"
version = "0.0.9"
description = "A simple, cross-platform module for obtaining GUI information on application's windows."
optional = false
python-versions = "*"
files = [
    {file = "PyGetWindow-0.0.9.tar.gz", hash = "sha256:17894355e7d2b305cd832d717708384017c1698a90ce24f6f7fbf0242dd0a688"},
]

[package.dependencies]
pyrect = "*"

[[package]]
name = "pymsgbox"
version = "1.0.9"
description = "A simple, cross-platform, pure Python module for JavaScript-like message boxes."
optional = false
python-versions = "*"
files = [
    {file = "PyMsgBox-1.0.9.tar.gz", hash = "sha256:2194227de8bff7a3d6da541848705a155dcbb2a06ee120d9f280a1d7f51263ff"},
]

[[package]]
name = "pynput"
version = "1.7.7"
description = "Monitor and control user input devices"
optional = false
python-versions = "*"
files = [
    {file = "pynput-1.7.7-py2.py3-none-any.whl", hash = "sha256:afc43f651684c98818de048abc76adf9f2d3d797083cb07c1f82be764a2d44cb"},
]

[package.dependencies]
evdev = {version = ">=1.3", markers = "sys_platform in \"linux\""}
pyobjc-framework-ApplicationServices = {version = ">=8.0", markers = "sys_platform == \"darwin\""}
pyobjc-framework-Quartz = {version = ">=8.0", markers = "sys_platform == \"darwin\""}
python-xlib = {version = ">=0.17", markers = "sys_platform in \"linux\""}
six = "*"

[[package]]
name = "pyobjc-core"
version = "11.0"
description = "Python<->ObjC Interoperability Module"
optional = false
python-versions = ">=3.8"
files = [
    {file = "pyobjc_core-11.0-cp310-cp310-macosx_10_9_universal2.whl", hash = "sha256:10866b3a734d47caf48e456eea0d4815c2c9b21856157db5917b61dee06893a1"},
    {file = "pyobjc_core-11.0-cp311-cp311-macosx_10_9_universal2.whl", hash = "sha256:50675c0bb8696fe960a28466f9baf6943df2928a1fd85625d678fa2f428bd0bd"},
    {file = "pyobjc_core-11.0-cp312-cp312-macosx_10_13_universal2.whl", hash = "sha256:a03061d4955c62ddd7754224a80cdadfdf17b6b5f60df1d9169a3b1b02923f0b"},
    {file = "pyobjc_core-11.0-cp313-cp313-macosx_10_13_universal2.whl", hash = "sha256:c338c1deb7ab2e9436d4175d1127da2eeed4a1b564b3d83b9f3ae4844ba97e86"},
    {file = "pyobjc_core-11.0-cp313-cp313t-macosx_10_13_universal2.whl", hash = "sha256:b4e9dc4296110f251a4033ff3f40320b35873ea7f876bd29a1c9705bb5e08c59"},
    {file = "pyobjc_core-11.0-cp39-cp39-macosx_10_9_universal2.whl", hash = "sha256:02406ece449d0f41b31e579e47ca77ced3eb57533df955281bfcecc99da74fba"},
    {file = "pyobjc_core-11.0.tar.gz", hash = "sha256:63bced211cb8a8fb5c8ff46473603da30e51112861bd02c438fbbbc8578d9a70"},
]

[[package]]
name = "pyobjc-framework-applicationservices"
version = "11.0"
description = "Wrappers for the framework ApplicationServices on macOS"
optional = false
python-versions = ">=3.9"
files = [
    {file = "pyobjc_framework_ApplicationServices-11.0-cp310-cp310-macosx_10_9_universal2.whl", hash = "sha256:bc8f34b5b59ffd3c210ae883d794345c1197558ff3da0f5800669cf16435271e"},
    {file = "pyobjc_framework_ApplicationServices-11.0-cp311-cp311-macosx_10_9_universal2.whl", hash = "sha256:61a99eef23abb704257310db4f5271137707e184768f6407030c01de4731b67b"},
    {file = "pyobjc_framework_ApplicationServices-11.0-cp312-cp312-macosx_10_13_universal2.whl", hash = "sha256:5fbeb425897d6129471d451ec61a29ddd5b1386eb26b1dd49cb313e34616ee21"},
    {file = "pyobjc_framework_ApplicationServices-11.0-cp313-cp313-macosx_10_13_universal2.whl", hash = "sha256:59becf3cd87a4f4cedf4be02ff6cf46ed736f5c1123ce629f788aaafad91eff0"},
    {file = "pyobjc_framework_ApplicationServices-11.0-cp313-cp313t-macosx_10_13_universal2.whl", hash = "sha256:44b466e8745fb49e8ac20f29f2ffd7895b45e97aa63a844b2a80a97c3a34346f"},
    {file = "pyobjc_framework_ApplicationServices-11.0-cp39-cp39-macosx_10_9_universal2.whl", hash = "sha256:74963e15a751d1454c1b8060914f116956e3a68f6a117c2163f491609125283b"},
    {file = "pyobjc_framework_applicationservices-11.0.tar.gz", hash = "sha256:d6ea18dfc7d5626a3ecf4ac72d510405c0d3a648ca38cae8db841acdebecf4d2"},
]

[package.dependencies]
pyobjc-core = ">=11.0"
pyobjc-framework-Cocoa = ">=11.0"
pyobjc-framework-CoreText = ">=11.0"
pyobjc-framework-Quartz = ">=11.0"

[[package]]
name = "pyobjc-framework-cocoa"
version = "11.0"
description = "Wrappers for the Cocoa frameworks on macOS"
optional = false
python-versions = ">=3.9"
files = [
    {file = "pyobjc_framework_Cocoa-11.0-cp310-cp310-macosx_10_9_universal2.whl", hash = "sha256:fbc65f260d617d5463c7fb9dbaaffc23c9a4fabfe3b1a50b039b61870b8daefd"},
    {file = "pyobjc_framework_Cocoa-11.0-cp311-cp311-macosx_10_9_universal2.whl", hash = "sha256:3ea7be6e6dd801b297440de02d312ba3fa7fd3c322db747ae1cb237e975f5d33"},
    {file = "pyobjc_framework_Cocoa-11.0-cp312-cp312-macosx_10_13_universal2.whl", hash = "sha256:280a577b83c68175a28b2b7138d1d2d3111f2b2b66c30e86f81a19c2b02eae71"},
    {file = "pyobjc_framework_Cocoa-11.0-cp313-cp313-macosx_10_13_universal2.whl", hash = "sha256:15b2bd977ed340074f930f1330f03d42912d5882b697d78bd06f8ebe263ef92e"},
    {file = "pyobjc_framework_Cocoa-11.0-cp313-cp313t-macosx_10_13_universal2.whl", hash = "sha256:5750001db544e67f2b66f02067d8f0da96bb2ef71732bde104f01b8628f9d7ea"},
    {file = "pyobjc_framework_Cocoa-11.0-cp39-cp39-macosx_10_9_universal2.whl", hash = "sha256:ddff25b0755d59873d186e1e07d6aaddb19d55e3ae890d69ff2d9babf8627657"},
    {file = "pyobjc_framework_cocoa-11.0.tar.gz", hash = "sha256:00346a8cb81ad7b017b32ff7bf596000f9faa905807b1bd234644ebd47f692c5"},
]

[package.dependencies]
pyobjc-core = ">=11.0"

[[package]]
name = "pyobjc-framework-coretext"
version = "11.0"
description = "Wrappers for the framework CoreText on macOS"
optional = false
python-versions = ">=3.9"
files = [
    {file = "pyobjc_framework_CoreText-11.0-cp310-cp310-macosx_10_9_universal2.whl", hash = "sha256:6939b4ea745b349b5c964823a2071f155f5defdc9b9fc3a13f036d859d7d0439"},
    {file = "pyobjc_framework_CoreText-11.0-cp311-cp311-macosx_10_9_universal2.whl", hash = "sha256:56a4889858308b0d9f147d568b4d91c441cc0ffd332497cb4f709bb1990450c1"},
    {file = "pyobjc_framework_CoreText-11.0-cp312-cp312-macosx_10_13_universal2.whl", hash = "sha256:fb90e7f370b3fd7cb2fb442e3dc63fedf0b4af6908db1c18df694d10dc94669d"},
    {file = "pyobjc_framework_CoreText-11.0-cp313-cp313-macosx_10_13_universal2.whl", hash = "sha256:7947f755782456bd663e0b00c7905eeffd10f839f0bf2af031f68ded6a1ea360"},
    {file = "pyobjc_framework_CoreText-11.0-cp313-cp313t-macosx_10_13_universal2.whl", hash = "sha256:5356116bae33ec49f1f212c301378a7d08000440a2d6a7281aab351945528ab9"},
    {file = "pyobjc_framework_CoreText-11.0-cp39-cp39-macosx_10_9_universal2.whl", hash = "sha256:4a76e1307747f2ee8180d38844cd62b8bb1701b4203d9234cc41f6603d4ae654"},
    {file = "pyobjc_framework_coretext-11.0.tar.gz", hash = "sha256:a68437153e627847e3898754dd3f13ae0cb852246b016a91f9c9cbccb9f91a43"},
]

[package.dependencies]
pyobjc-core = ">=11.0"
pyobjc-framework-Cocoa = ">=11.0"
pyobjc-framework-Quartz = ">=11.0"

[[package]]
name = "pyobjc-framework-quartz"
version = "11.0"
description = "Wrappers for the Quartz frameworks on macOS"
optional = false
python-versions = ">=3.9"
files = [
    {file = "pyobjc_framework_Quartz-11.0-cp310-cp310-macosx_10_9_universal2.whl", hash = "sha256:da3ab13c9f92361959b41b0ad4cdd41ae872f90a6d8c58a9ed699bc08ab1c45c"},
    {file = "pyobjc_framework_Quartz-11.0-cp311-cp311-macosx_10_9_universal2.whl", hash = "sha256:d251696bfd8e8ef72fbc90eb29fec95cb9d1cc409008a183d5cc3246130ae8c2"},
    {file = "pyobjc_framework_Quartz-11.0-cp312-cp312-macosx_10_13_universal2.whl", hash = "sha256:cb4a9f2d9d580ea15e25e6b270f47681afb5689cafc9e25712445ce715bcd18e"},
    {file = "pyobjc_framework_Quartz-11.0-cp313-cp313-macosx_10_13_universal2.whl", hash = "sha256:973b4f9b8ab844574461a038bd5269f425a7368d6e677e3cc81fcc9b27b65498"},
    {file = "pyobjc_framework_Quartz-11.0-cp313-cp313t-macosx_10_13_universal2.whl", hash = "sha256:66ab58d65348863b8707e63b2ec5cdc54569ee8189d1af90d52f29f5fdf6272c"},
    {file = "pyobjc_framework_Quartz-11.0-cp39-cp39-macosx_10_9_universal2.whl", hash = "sha256:1032f63f2a4ee98366764e69c249f1d93813821e17d224cf626cf11fb1801fc4"},
    {file = "pyobjc_framework_quartz-11.0.tar.gz", hash = "sha256:3205bf7795fb9ae34747f701486b3db6dfac71924894d1f372977c4d70c3c619"},
]

[package.dependencies]
pyobjc-core = ">=11.0"
pyobjc-framework-Cocoa = ">=11.0"

[[package]]
name = "pyperclip"
version = "1.9.0"
description = "A cross-platform clipboard module for Python. (Only handles plain text for now.)"
optional = false
python-versions = "*"
files = [
    {file = "pyperclip-1.9.0.tar.gz", hash = "sha256:b7de0142ddc81bfc5c7507eea19da920b92252b548b96186caf94a5e2527d310"},
]

[[package]]
name = "pyqt6"
version = "6.8.0"
description = "Python bindings for the Qt cross platform application toolkit"
optional = false
python-versions = ">=3.9"
files = [
    {file = "PyQt6-6.8.0-cp39-abi3-macosx_10_14_universal2.whl", hash = "sha256:8c5c05f5fdff31a5887dbc29b27615b09df467631238d7b449283809ffca6228"},
    {file = "PyQt6-6.8.0-cp39-abi3-manylinux_2_28_x86_64.whl", hash = "sha256:3a4354816f11e812b727206a9ea6e79ff3774f1bb7228ad4b9318442d2c64ff9"},
    {file = "PyQt6-6.8.0-cp39-abi3-manylinux_2_35_x86_64.whl", hash = "sha256:452bae5840077bf0f146c798d7777f70d7bdd0c7dcfa9ee7a415c1daf2d10038"},
    {file = "PyQt6-6.8.0-cp39-abi3-manylinux_2_39_aarch64.whl", hash = "sha256:cf7123caea14e7ecf10bd12cae48e8d9970ef7caf627bc7d7988b0baa209adb3"},
    {file = "PyQt6-6.8.0-cp39-abi3-win_amd64.whl", hash = "sha256:a9913d479f1ffee804bf7f232079baea4fb4b221a8f4890117588917a54ea30d"},
    {file = "PyQt6-6.8.0-cp39-abi3-win_arm64.whl", hash = "sha256:48bace7b87676bba5e6114482f3a20ca20be90c7f261b5d340464313f5f2bf5e"},
    {file = "PyQt6-6.8.0.tar.gz", hash = "sha256:6d8628de4c2a050f0b74462e4c9cb97f839bf6ffabbca91711722ffb281570d9"},
]

[package.dependencies]
PyQt6-Qt6 = ">=6.8.0,<6.9.0"
PyQt6-sip = ">=13.8,<14"

[[package]]
name = "pyqt6-qt6"
version = "6.8.1"
description = "The subset of a Qt installation needed by PyQt6."
optional = false
python-versions = "*"
files = [
    {file = "PyQt6_Qt6-6.8.1-1-py3-none-manylinux_2_28_x86_64.whl", hash = "sha256:2f4b8b55b1414b93f340f22e8c88d25550efcdebc4b65a3927dd947b73bd4358"},
    {file = "PyQt6_Qt6-6.8.1-1-py3-none-manylinux_2_39_aarch64.whl", hash = "sha256:98aa99fe38ae68c5318284cd28f3479ba538c40bf6ece293980abae0925c1b24"},
    {file = "PyQt6_Qt6-6.8.1-py3-none-macosx_10_14_x86_64.whl", hash = "sha256:1eb8460a1fdb38d0b2458c2974c01d471c1e59e4eb19ea63fc447aaba3ad530e"},
    {file = "PyQt6_Qt6-6.8.1-py3-none-macosx_11_0_arm64.whl", hash = "sha256:9f3790c4ce4dc576e48b8718d55fb8743057e6cbd53a6ca1dd253ffbac9b7287"},
    {file = "PyQt6_Qt6-6.8.1-py3-none-manylinux_2_28_x86_64.whl", hash = "sha256:d6ca5d2b9d2ec0ee4a814b2175f641a5c4299cb80b45e0f5f8356632663f89b3"},
    {file = "PyQt6_Qt6-6.8.1-py3-none-manylinux_2_35_x86_64.whl", hash = "sha256:08065d595f1e6fc2dde9f4450eeff89082f4bad26f600a8e9b9cc5966716bfcf"},
    {file = "PyQt6_Qt6-6.8.1-py3-none-manylinux_2_39_aarch64.whl", hash = "sha256:20843cb86bd94942d1cd99e39bf1aeabb875b241a35a8ab273e4bbbfa63776db"},
    {file = "PyQt6_Qt6-6.8.1-py3-none-win_amd64.whl", hash = "sha256:006d786693d0511fbcf184a862edbd339c6ed1bb3bd9de363d73a19ed4b23dff"},
    {file = "PyQt6_Qt6-6.8.1-py3-none-win_arm64.whl", hash = "sha256:a8bc2ed4ee5e7c6ff4dd1c7db0b27705d151fee5dc232bbd1bf17618f937f515"},
]

[[package]]
name = "pyqt6-sip"
version = "13.9.1"
description = "The sip module support for PyQt6"
optional = false
python-versions = ">=3.9"
files = [
    {file = "PyQt6_sip-13.9.1-cp310-cp310-macosx_10_9_universal2.whl", hash = "sha256:e996d320744ca8342cad6f9454345330d4f06bce129812d032bda3bad6967c5c"},
    {file = "PyQt6_sip-13.9.1-cp310-cp310-manylinux_2_17_aarch64.manylinux2014_aarch64.whl", hash = "sha256:2ab85aaf155828331399c59ebdd4d3b0358e42c08250e86b43d56d9873df148a"},
    {file = "PyQt6_sip-13.9.1-cp310-cp310-manylinux_2_5_x86_64.manylinux1_x86_64.whl", hash = "sha256:22d66256b800f552ade51a463510bf905f3cb318aae00ff4288fae4de5d0e600"},
    {file = "PyQt6_sip-13.9.1-cp310-cp310-win_amd64.whl", hash = "sha256:5643c92424fe62cb0b33378fef3d28c1525f91ada79e8a15bd9a05414a09503d"},
    {file = "PyQt6_sip-13.9.1-cp311-cp311-macosx_10_9_universal2.whl", hash = "sha256:57b5312ef13c1766bdf69b317041140b184eb24a51e1e23ce8fc5386ba8dffb2"},
    {file = "PyQt6_sip-13.9.1-cp311-cp311-manylinux_2_17_aarch64.manylinux2014_aarch64.whl", hash = "sha256:5004514b08b045ad76425cf3618187091a668d972b017677b1b4b193379ef553"},
    {file = "PyQt6_sip-13.9.1-cp311-cp311-manylinux_2_5_x86_64.manylinux1_x86_64.whl", hash = "sha256:accab6974b2758296400120fdcc9d1f37785b2ea2591f00656e1776f058ded6c"},
    {file = "PyQt6_sip-13.9.1-cp311-cp311-win_amd64.whl", hash = "sha256:1ec52e962f54137a19208b6e95b6bd9f7a403eb25d7237768a99306cd9db26d1"},
    {file = "PyQt6_sip-13.9.1-cp311-cp311-win_arm64.whl", hash = "sha256:6e6c1e2592187934f4e790c0c099d0033e986dcef7bdd3c06e3895ffa995e9fc"},
    {file = "PyQt6_sip-13.9.1-cp312-cp312-macosx_10_9_universal2.whl", hash = "sha256:1fb405615970e85b622b13b4cad140ff1e4182eb8334a0b27a4698e6217b89b0"},
    {file = "PyQt6_sip-13.9.1-cp312-cp312-manylinux_2_17_aarch64.manylinux2014_aarch64.whl", hash = "sha256:c800db3464481e87b1d2b84523b075df1e8fc7856c6f9623dc243f89be1cb604"},
    {file = "PyQt6_sip-13.9.1-cp312-cp312-manylinux_2_5_x86_64.manylinux1_x86_64.whl", hash = "sha256:c1942e107b0243ced9e510d507e0f27aeea9d6b13e0a1b7c06fd52a62e0d41f7"},
    {file = "PyQt6_sip-13.9.1-cp312-cp312-win_amd64.whl", hash = "sha256:552ff8fdc41f5769d3eccc661f022ed496f55f6e0a214c20aaf56e56385d61b6"},
    {file = "PyQt6_sip-13.9.1-cp312-cp312-win_arm64.whl", hash = "sha256:976c7758f668806d4df7a8853f390ac123d5d1f73591ed368bdb8963574ff589"},
    {file = "PyQt6_sip-13.9.1-cp313-cp313-macosx_10_13_universal2.whl", hash = "sha256:56ce0afb19cd8a8c63ff93ae506dffb74f844b88adaa6673ebc0dec43af48a76"},
    {file = "PyQt6_sip-13.9.1-cp313-cp313-manylinux_2_17_aarch64.manylinux2014_aarch64.whl", hash = "sha256:5d7726556d1ca7a7ed78e19ba53285b64a2a8f6ad7ff4cb18a1832efca1a3102"},
    {file = "PyQt6_sip-13.9.1-cp313-cp313-manylinux_2_5_x86_64.manylinux1_x86_64.whl", hash = "sha256:14f95c6352e3b85dc26bf59cfbf77a470ecbd5fcdcf00af4b648f0e1b9eefb9e"},
    {file = "PyQt6_sip-13.9.1-cp313-cp313-win_amd64.whl", hash = "sha256:3c269052c770c09b61fce2f2f9ea934a67dfc65f443d59629b4ccc8f89751890"},
    {file = "PyQt6_sip-13.9.1-cp313-cp313-win_arm64.whl", hash = "sha256:8b2ac36d6e04db6099614b9c1178a2f87788c7ffc3826571fb63d36ddb4c401d"},
    {file = "PyQt6_sip-13.9.1-cp39-cp39-macosx_10_9_universal2.whl", hash = "sha256:69a879cfc94f4984d180321b76f52923861cd5bf4969aa885eef7591ee932517"},
    {file = "PyQt6_sip-13.9.1-cp39-cp39-manylinux_2_17_aarch64.manylinux2014_aarch64.whl", hash = "sha256:fa27b51ae4c7013b3700cf0ecf46907d1333ae396fc6511311920485cbce094b"},
    {file = "PyQt6_sip-13.9.1-cp39-cp39-manylinux_2_5_x86_64.manylinux1_x86_64.whl", hash = "sha256:1d322ded1d1fea339cc6ac65b768e72c69c486eebb7db6ccde061b5786d74cc5"},
    {file = "PyQt6_sip-13.9.1-cp39-cp39-win_amd64.whl", hash = "sha256:8c207528992d59b0801458aa6fcff118e5c099608ef0fc6ff8bccbdc23f29c04"},
    {file = "pyqt6_sip-13.9.1.tar.gz", hash = "sha256:15be741d1ae8c82bb7afe9a61f3cf8c50457f7d61229a1c39c24cd6e8f4d86dc"},
]

[[package]]
name = "pyrect"
version = "0.2.0"
description = "PyRect is a simple module with a Rect class for Pygame-like rectangular areas."
optional = false
python-versions = "*"
files = [
    {file = "PyRect-0.2.0.tar.gz", hash = "sha256:f65155f6df9b929b67caffbd57c0947c5ae5449d3b580d178074bffb47a09b78"},
]

[[package]]
name = "pyscreeze"
version = "1.0.1"
description = "A simple, cross-platform screenshot module for Python 2 and 3."
optional = false
python-versions = "*"
files = [
    {file = "pyscreeze-1.0.1.tar.gz", hash = "sha256:cf1662710f1b46aa5ff229ee23f367da9e20af4a78e6e365bee973cad0ead4be"},
]

[package.dependencies]
Pillow = [
    {version = ">=9.3.0", markers = "python_version == \"3.11\""},
    {version = ">=9.2.0", markers = "python_version == \"3.10\" or python_version == \"3.9\""},
]

[[package]]
name = "python-xlib"
version = "0.33"
description = "Python X Library"
optional = false
python-versions = "*"
files = [
    {file = "python-xlib-0.33.tar.gz", hash = "sha256:55af7906a2c75ce6cb280a584776080602444f75815a7aff4d287bb2d7018b32"},
    {file = "python_xlib-0.33-py2.py3-none-any.whl", hash = "sha256:c3534038d42e0df2f1392a1b30a15a4ff5fdc2b86cfa94f072bf11b10a164398"},
]

[package.dependencies]
six = ">=1.10.0"

[[package]]
name = "python3-xlib"
version = "0.15"
description = "Python3 X Library"
optional = false
python-versions = "*"
files = [
    {file = "python3-xlib-0.15.tar.gz", hash = "sha256:dc4245f3ae4aa5949c1d112ee4723901ade37a96721ba9645f2bfa56e5b383f8"},
]

[[package]]
name = "pytweening"
version = "1.2.0"
description = "A collection of tweening (aka easing) functions."
optional = false
python-versions = "*"
files = [
    {file = "pytweening-1.2.0.tar.gz", hash = "sha256:243318b7736698066c5f362ec5c2b6434ecf4297c3c8e7caa8abfe6af4cac71b"},
]

[[package]]
name = "rubicon-objc"
version = "0.5.0"
description = "A bridge between an Objective C runtime environment and Python."
optional = false
python-versions = ">=3.9"
files = [
    {file = "rubicon_objc-0.5.0-py3-none-any.whl", hash = "sha256:a9c2a605120d6e5be327d3f42a71b60963125987e116f51846757b5e110854fa"},
    {file = "rubicon_objc-0.5.0.tar.gz", hash = "sha256:18f075649780d95df53d483642068c767d7d2cfbbf075ddef124a44b40b6d92e"},
]

[package.extras]
dev = ["pre-commit (==4.0.1)", "pytest (==8.3.4)", "setuptools_scm (==8.1.0)", "tox (==4.23.2)"]
docs = ["furo (==2024.8.6)", "pyenchant (==3.2.2)", "sphinx (==8.1.3)", "sphinx-autobuild (==2024.10.3)", "sphinx-copybutton (==0.5.2)", "sphinx_tabs (==3.4.7)", "sphinxcontrib-spelling (==8.0.1)"]

[[package]]
name = "rumps"
version = "0.4.0"
description = "Ridiculously Uncomplicated MacOS Python Statusbar apps."
optional = false
python-versions = "*"
files = [
    {file = "rumps-0.4.0.tar.gz", hash = "sha256:17fb33c21b54b1e25db0d71d1d793dc19dc3c0b7d8c79dc6d833d0cffc8b1596"},
]

[package.dependencies]
pyobjc-framework-Cocoa = "*"

[package.extras]
dev = ["pytest (>=4.3)", "pytest-mock (>=2.0.0)", "tox (>=3.8)"]

[[package]]
name = "six"
version = "1.17.0"
description = "Python 2 and 3 compatibility utilities"
optional = false
python-versions = "!=3.0.*,!=3.1.*,!=3.2.*,>=2.7"
files = [
    {file = "six-1.17.0-py2.py3-none-any.whl", hash = "sha256:4721f391ed90541fddacab5acf947aa0d3dc7d27b2e1e8eda2be8970586c3274"},
    {file = "six-1.17.0.tar.gz", hash = "sha256:ff70335d468e7eb6ec65b95b99d3a2836546063f63acc5171de367e834932a81"},
]

[metadata]
lock-version = "2.0"
python-versions = "^3.9"
content-hash = "18832d74eb8c4e487e9e88ceb9ad08125fc10d8381cddf7028122fe0ba2050c4"
